// !$*UTF8*$!
{
	archiveVersion = 1;
	classes = {
	};
	objectVersion = 46;
	objects = {

/* Begin PBXBuildFile section */
		18A9965F1BFB8DCB007A154A /* AppDelegate.swift in Sources */ = {isa = PBXBuildFile; fileRef = 18A9965E1BFB8DCB007A154A /* AppDelegate.swift */; };
		18A996611BFB8DCB007A154A /* RootViewController.swift in Sources */ = {isa = PBXBuildFile; fileRef = 18A996601BFB8DCB007A154A /* RootViewController.swift */; };
		18A996631BFB8DCB007A154A /* DataViewController.swift in Sources */ = {isa = PBXBuildFile; fileRef = 18A996621BFB8DCB007A154A /* DataViewController.swift */; };
		18A996651BFB8DCB007A154A /* ModelController.swift in Sources */ = {isa = PBXBuildFile; fileRef = 18A996641BFB8DCB007A154A /* ModelController.swift */; };
		18A996681BFB8DCB007A154A /* Main.storyboard in Resources */ = {isa = PBXBuildFile; fileRef = 18A996661BFB8DCB007A154A /* Main.storyboard */; };
		18A9966A1BFB8DCB007A154A /* Assets.xcassets in Resources */ = {isa = PBXBuildFile; fileRef = 18A996691BFB8DCB007A154A /* Assets.xcassets */; };
		18A9966D1BFB8DCB007A154A /* LaunchScreen.storyboard in Resources */ = {isa = PBXBuildFile; fileRef = 18A9966B1BFB8DCB007A154A /* LaunchScreen.storyboard */; };
		18A996781BFB8DCB007A154A /* BPHCTests.swift in Sources */ = {isa = PBXBuildFile; fileRef = 18A996771BFB8DCB007A154A /* BPHCTests.swift */; };
		18A996831BFB8DCB007A154A /* BPHCUITests.swift in Sources */ = {isa = PBXBuildFile; fileRef = 18A996821BFB8DCB007A154A /* BPHCUITests.swift */; };
		69140B7B1C63DB1A008C40B7 /* ProfileLoginViewController.swift in Sources */ = {isa = PBXBuildFile; fileRef = 69140B7A1C63DB1A008C40B7 /* ProfileLoginViewController.swift */; };
		6916E7551C63E9610086C146 /* ProfileViewController.swift in Sources */ = {isa = PBXBuildFile; fileRef = 6916E7541C63E9610086C146 /* ProfileViewController.swift */; };
		6916E7571C63EA2A0086C146 /* User.swift in Sources */ = {isa = PBXBuildFile; fileRef = 6916E7561C63EA2A0086C146 /* User.swift */; };
		6919D1DB1CBF07DC0027A64D /* Answer.swift in Sources */ = {isa = PBXBuildFile; fileRef = 6919D1DA1CBF07DC0027A64D /* Answer.swift */; };
		6919D1DD1CC078510027A64D /* AnswerTableViewCell.swift in Sources */ = {isa = PBXBuildFile; fileRef = 6919D1DC1CC078510027A64D /* AnswerTableViewCell.swift */; };
		6919D1DF1CC082320027A64D /* Util.swift in Sources */ = {isa = PBXBuildFile; fileRef = 6919D1DE1CC082320027A64D /* Util.swift */; };
		694E91301C73F8A2005FBAE7 /* QuestionAskViewController.swift in Sources */ = {isa = PBXBuildFile; fileRef = 694E912F1C73F8A2005FBAE7 /* QuestionAskViewController.swift */; };
		695A6F251C9901C20077FBF9 /* SelectQuestionViewController.swift in Sources */ = {isa = PBXBuildFile; fileRef = 695A6F241C9901C20077FBF9 /* SelectQuestionViewController.swift */; };
		696368BD1C6B0872009577A7 /* QuestionTableViewCell.swift in Sources */ = {isa = PBXBuildFile; fileRef = 696368BC1C6B0872009577A7 /* QuestionTableViewCell.swift */; };
		696368BF1C6B0883009577A7 /* Question.swift in Sources */ = {isa = PBXBuildFile; fileRef = 696368BE1C6B0883009577A7 /* Question.swift */; };
		696368C11C6B2192009577A7 /* QuestionTableViewController.swift in Sources */ = {isa = PBXBuildFile; fileRef = 696368C01C6B2192009577A7 /* QuestionTableViewController.swift */; };
		696D05611CBDBF21007E28C0 /* UserManager.swift in Sources */ = {isa = PBXBuildFile; fileRef = 696D05601CBDBF21007E28C0 /* UserManager.swift */; };
		B7B6401A1CCDA597003E1260 /* QuestionHeaderTextDelegate.swift in Sources */ = {isa = PBXBuildFile; fileRef = B7B640191CCDA597003E1260 /* QuestionHeaderTextDelegate.swift */; };
		B7B8522C1C7E5B61007A3FAB /* TwitterViewController.swift in Sources */ = {isa = PBXBuildFile; fileRef = B7B8522B1C7E5B61007A3FAB /* TwitterViewController.swift */; };
		B7B852321C7EB3E0007A3FAB /* Fabric.framework in Frameworks */ = {isa = PBXBuildFile; fileRef = B7B8522E1C7EB3E0007A3FAB /* Fabric.framework */; };
		B7B852331C7EB3E0007A3FAB /* TwitterKit.framework in Frameworks */ = {isa = PBXBuildFile; fileRef = B7B8522F1C7EB3E0007A3FAB /* TwitterKit.framework */; };
		B7B852341C7EB3E0007A3FAB /* TwitterKitResources.bundle in Resources */ = {isa = PBXBuildFile; fileRef = B7B852301C7EB3E0007A3FAB /* TwitterKitResources.bundle */; };
		B7B852351C7EB3E0007A3FAB /* TwitterCore.framework in Frameworks */ = {isa = PBXBuildFile; fileRef = B7B852311C7EB3E0007A3FAB /* TwitterCore.framework */; };
/* End PBXBuildFile section */

/* Begin PBXContainerItemProxy section */
		18A996741BFB8DCB007A154A /* PBXContainerItemProxy */ = {
			isa = PBXContainerItemProxy;
			containerPortal = 18A996531BFB8DCA007A154A /* Project object */;
			proxyType = 1;
			remoteGlobalIDString = 18A9965A1BFB8DCB007A154A;
			remoteInfo = BPHC;
		};
		18A9967F1BFB8DCB007A154A /* PBXContainerItemProxy */ = {
			isa = PBXContainerItemProxy;
			containerPortal = 18A996531BFB8DCA007A154A /* Project object */;
			proxyType = 1;
			remoteGlobalIDString = 18A9965A1BFB8DCB007A154A;
			remoteInfo = BPHC;
		};
/* End PBXContainerItemProxy section */

/* Begin PBXFileReference section */
		12ED071E428F68E5BA18BAD9 /* Pods-BPHCUITests.debug.xcconfig */ = {isa = PBXFileReference; includeInIndex = 1; lastKnownFileType = text.xcconfig; name = "Pods-BPHCUITests.debug.xcconfig"; path = "Pods/Target Support Files/Pods-BPHCUITests/Pods-BPHCUITests.debug.xcconfig"; sourceTree = "<group>"; };
		18A9965B1BFB8DCB007A154A /* Hudd3L.app */ = {isa = PBXFileReference; explicitFileType = wrapper.application; includeInIndex = 0; path = Hudd3L.app; sourceTree = BUILT_PRODUCTS_DIR; };
		18A9965E1BFB8DCB007A154A /* AppDelegate.swift */ = {isa = PBXFileReference; lastKnownFileType = sourcecode.swift; path = AppDelegate.swift; sourceTree = "<group>"; };
		18A996601BFB8DCB007A154A /* RootViewController.swift */ = {isa = PBXFileReference; lastKnownFileType = sourcecode.swift; path = RootViewController.swift; sourceTree = "<group>"; };
		18A996621BFB8DCB007A154A /* DataViewController.swift */ = {isa = PBXFileReference; lastKnownFileType = sourcecode.swift; path = DataViewController.swift; sourceTree = "<group>"; };
		18A996641BFB8DCB007A154A /* ModelController.swift */ = {isa = PBXFileReference; lastKnownFileType = sourcecode.swift; path = ModelController.swift; sourceTree = "<group>"; };
		18A996671BFB8DCB007A154A /* Base */ = {isa = PBXFileReference; lastKnownFileType = file.storyboard; name = Base; path = Base.lproj/Main.storyboard; sourceTree = "<group>"; };
		18A996691BFB8DCB007A154A /* Assets.xcassets */ = {isa = PBXFileReference; lastKnownFileType = folder.assetcatalog; path = Assets.xcassets; sourceTree = "<group>"; };
		18A9966C1BFB8DCB007A154A /* Base */ = {isa = PBXFileReference; lastKnownFileType = file.storyboard; name = Base; path = Base.lproj/LaunchScreen.storyboard; sourceTree = "<group>"; };
		18A9966E1BFB8DCB007A154A /* Info.plist */ = {isa = PBXFileReference; lastKnownFileType = text.plist.xml; path = Info.plist; sourceTree = "<group>"; };
		18A996731BFB8DCB007A154A /* Hudd3L.xctest */ = {isa = PBXFileReference; explicitFileType = wrapper.cfbundle; includeInIndex = 0; path = Hudd3L.xctest; sourceTree = BUILT_PRODUCTS_DIR; };
		18A996771BFB8DCB007A154A /* BPHCTests.swift */ = {isa = PBXFileReference; lastKnownFileType = sourcecode.swift; path = BPHCTests.swift; sourceTree = "<group>"; };
		18A996791BFB8DCB007A154A /* Info.plist */ = {isa = PBXFileReference; lastKnownFileType = text.plist.xml; path = Info.plist; sourceTree = "<group>"; };
		18A9967E1BFB8DCB007A154A /* Hudd3L.xctest */ = {isa = PBXFileReference; explicitFileType = wrapper.cfbundle; includeInIndex = 0; path = Hudd3L.xctest; sourceTree = BUILT_PRODUCTS_DIR; };
		18A996821BFB8DCB007A154A /* BPHCUITests.swift */ = {isa = PBXFileReference; lastKnownFileType = sourcecode.swift; path = BPHCUITests.swift; sourceTree = "<group>"; };
		18A996841BFB8DCB007A154A /* Info.plist */ = {isa = PBXFileReference; lastKnownFileType = text.plist.xml; path = Info.plist; sourceTree = "<group>"; };
		69140B7A1C63DB1A008C40B7 /* ProfileLoginViewController.swift */ = {isa = PBXFileReference; fileEncoding = 4; lastKnownFileType = sourcecode.swift; path = ProfileLoginViewController.swift; sourceTree = "<group>"; };
		6916E7541C63E9610086C146 /* ProfileViewController.swift */ = {isa = PBXFileReference; fileEncoding = 4; lastKnownFileType = sourcecode.swift; path = ProfileViewController.swift; sourceTree = "<group>"; };
		6916E7561C63EA2A0086C146 /* User.swift */ = {isa = PBXFileReference; fileEncoding = 4; lastKnownFileType = sourcecode.swift; path = User.swift; sourceTree = "<group>"; };
		6919D1DA1CBF07DC0027A64D /* Answer.swift */ = {isa = PBXFileReference; fileEncoding = 4; lastKnownFileType = sourcecode.swift; path = Answer.swift; sourceTree = "<group>"; };
		6919D1DC1CC078510027A64D /* AnswerTableViewCell.swift */ = {isa = PBXFileReference; fileEncoding = 4; lastKnownFileType = sourcecode.swift; path = AnswerTableViewCell.swift; sourceTree = "<group>"; };
		6919D1DE1CC082320027A64D /* Util.swift */ = {isa = PBXFileReference; fileEncoding = 4; lastKnownFileType = sourcecode.swift; path = Util.swift; sourceTree = "<group>"; };
		694E912F1C73F8A2005FBAE7 /* QuestionAskViewController.swift */ = {isa = PBXFileReference; fileEncoding = 4; lastKnownFileType = sourcecode.swift; path = QuestionAskViewController.swift; sourceTree = "<group>"; };
		695A6F241C9901C20077FBF9 /* SelectQuestionViewController.swift */ = {isa = PBXFileReference; fileEncoding = 4; lastKnownFileType = sourcecode.swift; path = SelectQuestionViewController.swift; sourceTree = "<group>"; };
		696368BC1C6B0872009577A7 /* QuestionTableViewCell.swift */ = {isa = PBXFileReference; fileEncoding = 4; lastKnownFileType = sourcecode.swift; path = QuestionTableViewCell.swift; sourceTree = "<group>"; };
		696368BE1C6B0883009577A7 /* Question.swift */ = {isa = PBXFileReference; fileEncoding = 4; lastKnownFileType = sourcecode.swift; path = Question.swift; sourceTree = "<group>"; };
		696368C01C6B2192009577A7 /* QuestionTableViewController.swift */ = {isa = PBXFileReference; fileEncoding = 4; lastKnownFileType = sourcecode.swift; path = QuestionTableViewController.swift; sourceTree = "<group>"; };
		696D05601CBDBF21007E28C0 /* UserManager.swift */ = {isa = PBXFileReference; fileEncoding = 4; lastKnownFileType = sourcecode.swift; path = UserManager.swift; sourceTree = "<group>"; };
		9D55B7C8DF19299CFE1F279C /* Pods-BPHCTests.debug.xcconfig */ = {isa = PBXFileReference; includeInIndex = 1; lastKnownFileType = text.xcconfig; name = "Pods-BPHCTests.debug.xcconfig"; path = "Pods/Target Support Files/Pods-BPHCTests/Pods-BPHCTests.debug.xcconfig"; sourceTree = "<group>"; };
		ABAE2A4C0CF3181DF1AA4407 /* Pods-BPHCTests.release.xcconfig */ = {isa = PBXFileReference; includeInIndex = 1; lastKnownFileType = text.xcconfig; name = "Pods-BPHCTests.release.xcconfig"; path = "Pods/Target Support Files/Pods-BPHCTests/Pods-BPHCTests.release.xcconfig"; sourceTree = "<group>"; };
		B0F07FDEA12E457C43D5E398 /* Pods-BPHCUITests.release.xcconfig */ = {isa = PBXFileReference; includeInIndex = 1; lastKnownFileType = text.xcconfig; name = "Pods-BPHCUITests.release.xcconfig"; path = "Pods/Target Support Files/Pods-BPHCUITests/Pods-BPHCUITests.release.xcconfig"; sourceTree = "<group>"; };
		B7B640191CCDA597003E1260 /* QuestionHeaderTextDelegate.swift */ = {isa = PBXFileReference; fileEncoding = 4; lastKnownFileType = sourcecode.swift; path = QuestionHeaderTextDelegate.swift; sourceTree = "<group>"; };
		B7B8522B1C7E5B61007A3FAB /* TwitterViewController.swift */ = {isa = PBXFileReference; fileEncoding = 4; lastKnownFileType = sourcecode.swift; path = TwitterViewController.swift; sourceTree = "<group>"; };
		B7B8522E1C7EB3E0007A3FAB /* Fabric.framework */ = {isa = PBXFileReference; lastKnownFileType = wrapper.framework; path = Fabric.framework; sourceTree = "<group>"; };
		B7B8522F1C7EB3E0007A3FAB /* TwitterKit.framework */ = {isa = PBXFileReference; lastKnownFileType = wrapper.framework; path = TwitterKit.framework; sourceTree = "<group>"; };
		B7B852301C7EB3E0007A3FAB /* TwitterKitResources.bundle */ = {isa = PBXFileReference; lastKnownFileType = "wrapper.plug-in"; name = TwitterKitResources.bundle; path = TwitterKit.framework/Versions/A/Resources/TwitterKitResources.bundle; sourceTree = "<group>"; };
		B7B852311C7EB3E0007A3FAB /* TwitterCore.framework */ = {isa = PBXFileReference; lastKnownFileType = wrapper.framework; path = TwitterCore.framework; sourceTree = "<group>"; };
		E01699A78BFD18E95198FB40 /* Pods-BPHC.release.xcconfig */ = {isa = PBXFileReference; includeInIndex = 1; lastKnownFileType = text.xcconfig; name = "Pods-BPHC.release.xcconfig"; path = "Pods/Target Support Files/Pods-BPHC/Pods-BPHC.release.xcconfig"; sourceTree = "<group>"; };
		F5BC1A5F285DAF3B08D3CBCB /* Pods-BPHC.debug.xcconfig */ = {isa = PBXFileReference; includeInIndex = 1; lastKnownFileType = text.xcconfig; name = "Pods-BPHC.debug.xcconfig"; path = "Pods/Target Support Files/Pods-BPHC/Pods-BPHC.debug.xcconfig"; sourceTree = "<group>"; };
/* End PBXFileReference section */

/* Begin PBXFrameworksBuildPhase section */
		18A996581BFB8DCB007A154A /* Frameworks */ = {
			isa = PBXFrameworksBuildPhase;
			buildActionMask = 2147483647;
			files = (
				B7B852321C7EB3E0007A3FAB /* Fabric.framework in Frameworks */,
				B7B852351C7EB3E0007A3FAB /* TwitterCore.framework in Frameworks */,
				B7B852331C7EB3E0007A3FAB /* TwitterKit.framework in Frameworks */,
			);
			runOnlyForDeploymentPostprocessing = 0;
		};
		18A996701BFB8DCB007A154A /* Frameworks */ = {
			isa = PBXFrameworksBuildPhase;
			buildActionMask = 2147483647;
			files = (
			);
			runOnlyForDeploymentPostprocessing = 0;
		};
		18A9967B1BFB8DCB007A154A /* Frameworks */ = {
			isa = PBXFrameworksBuildPhase;
			buildActionMask = 2147483647;
			files = (
			);
			runOnlyForDeploymentPostprocessing = 0;
		};
/* End PBXFrameworksBuildPhase section */

/* Begin PBXGroup section */
		0D9F2A3634230E5DA4273712 /* Pods */ = {
			isa = PBXGroup;
			children = (
				F5BC1A5F285DAF3B08D3CBCB /* Pods-BPHC.debug.xcconfig */,
				E01699A78BFD18E95198FB40 /* Pods-BPHC.release.xcconfig */,
				9D55B7C8DF19299CFE1F279C /* Pods-BPHCTests.debug.xcconfig */,
				ABAE2A4C0CF3181DF1AA4407 /* Pods-BPHCTests.release.xcconfig */,
				12ED071E428F68E5BA18BAD9 /* Pods-BPHCUITests.debug.xcconfig */,
				B0F07FDEA12E457C43D5E398 /* Pods-BPHCUITests.release.xcconfig */,
			);
			name = Pods;
			sourceTree = "<group>";
		};
		18A996521BFB8DCA007A154A = {
			isa = PBXGroup;
			children = (
				B7B8522E1C7EB3E0007A3FAB /* Fabric.framework */,
				B7B8522F1C7EB3E0007A3FAB /* TwitterKit.framework */,
				B7B852301C7EB3E0007A3FAB /* TwitterKitResources.bundle */,
				B7B852311C7EB3E0007A3FAB /* TwitterCore.framework */,
				18A9965D1BFB8DCB007A154A /* BPHC */,
				18A996761BFB8DCB007A154A /* BPHCTests */,
				18A996811BFB8DCB007A154A /* BPHCUITests */,
				18A9965C1BFB8DCB007A154A /* Products */,
				0D9F2A3634230E5DA4273712 /* Pods */,
			);
			sourceTree = "<group>";
		};
		18A9965C1BFB8DCB007A154A /* Products */ = {
			isa = PBXGroup;
			children = (
				18A9965B1BFB8DCB007A154A /* Hudd3L.app */,
				18A996731BFB8DCB007A154A /* Hudd3L.xctest */,
				18A9967E1BFB8DCB007A154A /* Hudd3L.xctest */,
			);
			name = Products;
			sourceTree = "<group>";
		};
		18A9965D1BFB8DCB007A154A /* BPHC */ = {
			isa = PBXGroup;
			children = (
				18A9965E1BFB8DCB007A154A /* AppDelegate.swift */,
				696368C41C6B21EE009577A7 /* Old */,
				B7B8522A1C7E5B3B007A3FAB /* Newsfeed */,
				696368C21C6B21C6009577A7 /* Forum */,
				18A996661BFB8DCB007A154A /* Main.storyboard */,
				18A996691BFB8DCB007A154A /* Assets.xcassets */,
				18A9966B1BFB8DCB007A154A /* LaunchScreen.storyboard */,
				18A9966E1BFB8DCB007A154A /* Info.plist */,
				696368C31C6B21D8009577A7 /* Profile */,
				6919D1DE1CC082320027A64D /* Util.swift */,
			);
			path = BPHC;
			sourceTree = "<group>";
		};
		18A996761BFB8DCB007A154A /* BPHCTests */ = {
			isa = PBXGroup;
			children = (
				18A996771BFB8DCB007A154A /* BPHCTests.swift */,
				18A996791BFB8DCB007A154A /* Info.plist */,
			);
			path = BPHCTests;
			sourceTree = "<group>";
		};
		18A996811BFB8DCB007A154A /* BPHCUITests */ = {
			isa = PBXGroup;
			children = (
				18A996821BFB8DCB007A154A /* BPHCUITests.swift */,
				18A996841BFB8DCB007A154A /* Info.plist */,
			);
			path = BPHCUITests;
			sourceTree = "<group>";
		};
		696368C21C6B21C6009577A7 /* Forum */ = {
			isa = PBXGroup;
			children = (
				6919D1DA1CBF07DC0027A64D /* Answer.swift */,
				6919D1DC1CC078510027A64D /* AnswerTableViewCell.swift */,
				696368BE1C6B0883009577A7 /* Question.swift */,
				696368BC1C6B0872009577A7 /* QuestionTableViewCell.swift */,
				696368C01C6B2192009577A7 /* QuestionTableViewController.swift */,
				694E912F1C73F8A2005FBAE7 /* QuestionAskViewController.swift */,
				B7B640191CCDA597003E1260 /* QuestionHeaderTextDelegate.swift */,
				695A6F241C9901C20077FBF9 /* SelectQuestionViewController.swift */,
			);
			name = Forum;
			sourceTree = "<group>";
		};
		696368C31C6B21D8009577A7 /* Profile */ = {
			isa = PBXGroup;
			children = (
				6916E7561C63EA2A0086C146 /* User.swift */,
				6916E7541C63E9610086C146 /* ProfileViewController.swift */,
				69140B7A1C63DB1A008C40B7 /* ProfileLoginViewController.swift */,
				696D05601CBDBF21007E28C0 /* UserManager.swift */,
			);
			name = Profile;
			sourceTree = "<group>";
		};
		696368C41C6B21EE009577A7 /* Old */ = {
			isa = PBXGroup;
			children = (
				18A996601BFB8DCB007A154A /* RootViewController.swift */,
				18A996621BFB8DCB007A154A /* DataViewController.swift */,
				18A996641BFB8DCB007A154A /* ModelController.swift */,
			);
			name = Old;
			sourceTree = "<group>";
		};
		B7B8522A1C7E5B3B007A3FAB /* Newsfeed */ = {
			isa = PBXGroup;
			children = (
				B7B8522B1C7E5B61007A3FAB /* TwitterViewController.swift */,
			);
			name = Newsfeed;
			sourceTree = "<group>";
		};
/* End PBXGroup section */

/* Begin PBXNativeTarget section */
		18A9965A1BFB8DCB007A154A /* Hudd3L */ = {
			isa = PBXNativeTarget;
			buildConfigurationList = 18A996871BFB8DCB007A154A /* Build configuration list for PBXNativeTarget "Hudd3L" */;
			buildPhases = (
				F325234DF312EEAF0C008D23 /* 📦 Check Pods Manifest.lock */,
				18A996571BFB8DCB007A154A /* Sources */,
				18A996581BFB8DCB007A154A /* Frameworks */,
				18A996591BFB8DCB007A154A /* Resources */,
				B7B8522D1C7EB3C8007A3FAB /* ShellScript */,
				8BD20E43136497B58E88FD7A /* 📦 Embed Pods Frameworks */,
				C8D4744660F949CE7CC33F56 /* 📦 Copy Pods Resources */,
			);
			buildRules = (
			);
			dependencies = (
			);
			name = Hudd3L;
			productName = BPHC;
			productReference = 18A9965B1BFB8DCB007A154A /* Hudd3L.app */;
			productType = "com.apple.product-type.application";
		};
		18A996721BFB8DCB007A154A /* Hudd3LTests */ = {
			isa = PBXNativeTarget;
			buildConfigurationList = 18A9968A1BFB8DCB007A154A /* Build configuration list for PBXNativeTarget "Hudd3LTests" */;
			buildPhases = (
				C44DFDE96B2EE71D30181D4F /* 📦 Check Pods Manifest.lock */,
				18A9966F1BFB8DCB007A154A /* Sources */,
				18A996701BFB8DCB007A154A /* Frameworks */,
				18A996711BFB8DCB007A154A /* Resources */,
				8B58FCA74F28738351670E09 /* 📦 Embed Pods Frameworks */,
				B4B10CD571A4156024CC1AAA /* 📦 Copy Pods Resources */,
			);
			buildRules = (
			);
			dependencies = (
				18A996751BFB8DCB007A154A /* PBXTargetDependency */,
			);
			name = Hudd3LTests;
			productName = BPHCTests;
			productReference = 18A996731BFB8DCB007A154A /* Hudd3L.xctest */;
			productType = "com.apple.product-type.bundle.unit-test";
		};
		18A9967D1BFB8DCB007A154A /* Hudd3LUITests */ = {
			isa = PBXNativeTarget;
			buildConfigurationList = 18A9968D1BFB8DCB007A154A /* Build configuration list for PBXNativeTarget "Hudd3LUITests" */;
			buildPhases = (
				700FFE18BBE9C3DF69F4FB5D /* 📦 Check Pods Manifest.lock */,
				18A9967A1BFB8DCB007A154A /* Sources */,
				18A9967B1BFB8DCB007A154A /* Frameworks */,
				18A9967C1BFB8DCB007A154A /* Resources */,
				9BFDFDB0730B70594F918DAC /* 📦 Copy Pods Resources */,
			);
			buildRules = (
			);
			dependencies = (
				18A996801BFB8DCB007A154A /* PBXTargetDependency */,
			);
			name = Hudd3LUITests;
			productName = BPHCUITests;
			productReference = 18A9967E1BFB8DCB007A154A /* Hudd3L.xctest */;
			productType = "com.apple.product-type.bundle.ui-testing";
		};
/* End PBXNativeTarget section */

/* Begin PBXProject section */
		18A996531BFB8DCA007A154A /* Project object */ = {
			isa = PBXProject;
			attributes = {
				LastSwiftUpdateCheck = 0710;
				LastUpgradeCheck = 0710;
				ORGANIZATIONNAME = "Chuanwei Zhou";
				TargetAttributes = {
					18A9965A1BFB8DCB007A154A = {
						CreatedOnToolsVersion = 7.1.1;
					};
					18A996721BFB8DCB007A154A = {
						CreatedOnToolsVersion = 7.1.1;
						TestTargetID = 18A9965A1BFB8DCB007A154A;
					};
					18A9967D1BFB8DCB007A154A = {
						CreatedOnToolsVersion = 7.1.1;
						TestTargetID = 18A9965A1BFB8DCB007A154A;
					};
				};
			};
			buildConfigurationList = 18A996561BFB8DCA007A154A /* Build configuration list for PBXProject "Hudd3L" */;
			compatibilityVersion = "Xcode 3.2";
			developmentRegion = English;
			hasScannedForEncodings = 0;
			knownRegions = (
				en,
				Base,
			);
			mainGroup = 18A996521BFB8DCA007A154A;
			productRefGroup = 18A9965C1BFB8DCB007A154A /* Products */;
			projectDirPath = "";
			projectRoot = "";
			targets = (
				18A9965A1BFB8DCB007A154A /* Hudd3L */,
				18A996721BFB8DCB007A154A /* Hudd3LTests */,
				18A9967D1BFB8DCB007A154A /* Hudd3LUITests */,
			);
		};
/* End PBXProject section */

/* Begin PBXResourcesBuildPhase section */
		18A996591BFB8DCB007A154A /* Resources */ = {
			isa = PBXResourcesBuildPhase;
			buildActionMask = 2147483647;
			files = (
				B7B852341C7EB3E0007A3FAB /* TwitterKitResources.bundle in Resources */,
				18A9966D1BFB8DCB007A154A /* LaunchScreen.storyboard in Resources */,
				18A9966A1BFB8DCB007A154A /* Assets.xcassets in Resources */,
				18A996681BFB8DCB007A154A /* Main.storyboard in Resources */,
			);
			runOnlyForDeploymentPostprocessing = 0;
		};
		18A996711BFB8DCB007A154A /* Resources */ = {
			isa = PBXResourcesBuildPhase;
			buildActionMask = 2147483647;
			files = (
			);
			runOnlyForDeploymentPostprocessing = 0;
		};
		18A9967C1BFB8DCB007A154A /* Resources */ = {
			isa = PBXResourcesBuildPhase;
			buildActionMask = 2147483647;
			files = (
			);
			runOnlyForDeploymentPostprocessing = 0;
		};
/* End PBXResourcesBuildPhase section */

/* Begin PBXShellScriptBuildPhase section */
		700FFE18BBE9C3DF69F4FB5D /* 📦 Check Pods Manifest.lock */ = {
			isa = PBXShellScriptBuildPhase;
			buildActionMask = 2147483647;
			files = (
			);
			inputPaths = (
			);
			name = "📦 Check Pods Manifest.lock";
			outputPaths = (
			);
			runOnlyForDeploymentPostprocessing = 0;
			shellPath = /bin/sh;
			shellScript = "diff \"${PODS_ROOT}/../Podfile.lock\" \"${PODS_ROOT}/Manifest.lock\" > /dev/null\nif [[ $? != 0 ]] ; then\n    cat << EOM\nerror: The sandbox is not in sync with the Podfile.lock. Run 'pod install' or update your CocoaPods installation.\nEOM\n    exit 1\nfi\n";
			showEnvVarsInLog = 0;
		};
		8B58FCA74F28738351670E09 /* 📦 Embed Pods Frameworks */ = {
			isa = PBXShellScriptBuildPhase;
			buildActionMask = 2147483647;
			files = (
			);
			inputPaths = (
			);
			name = "📦 Embed Pods Frameworks";
			outputPaths = (
			);
			runOnlyForDeploymentPostprocessing = 0;
			shellPath = /bin/sh;
			shellScript = "\"${SRCROOT}/Pods/Target Support Files/Pods-BPHCTests/Pods-BPHCTests-frameworks.sh\"\n";
			showEnvVarsInLog = 0;
		};
		8BD20E43136497B58E88FD7A /* 📦 Embed Pods Frameworks */ = {
			isa = PBXShellScriptBuildPhase;
			buildActionMask = 12;
			files = (
			);
			inputPaths = (
			);
			name = "📦 Embed Pods Frameworks";
			outputPaths = (
			);
			runOnlyForDeploymentPostprocessing = 0;
			shellPath = /bin/sh;
			shellScript = "\"${SRCROOT}/Pods/Target Support Files/Pods-BPHC/Pods-BPHC-frameworks.sh\"\n";
			showEnvVarsInLog = 0;
		};
		9BFDFDB0730B70594F918DAC /* 📦 Copy Pods Resources */ = {
			isa = PBXShellScriptBuildPhase;
			buildActionMask = 2147483647;
			files = (
			);
			inputPaths = (
			);
			name = "📦 Copy Pods Resources";
			outputPaths = (
			);
			runOnlyForDeploymentPostprocessing = 0;
			shellPath = /bin/sh;
			shellScript = "\"${SRCROOT}/Pods/Target Support Files/Pods-BPHCUITests/Pods-BPHCUITests-resources.sh\"\n";
			showEnvVarsInLog = 0;
		};
		B4B10CD571A4156024CC1AAA /* 📦 Copy Pods Resources */ = {
			isa = PBXShellScriptBuildPhase;
			buildActionMask = 2147483647;
			files = (
			);
			inputPaths = (
			);
			name = "📦 Copy Pods Resources";
			outputPaths = (
			);
			runOnlyForDeploymentPostprocessing = 0;
			shellPath = /bin/sh;
			shellScript = "\"${SRCROOT}/Pods/Target Support Files/Pods-BPHCTests/Pods-BPHCTests-resources.sh\"\n";
			showEnvVarsInLog = 0;
		};
		B7B8522D1C7EB3C8007A3FAB /* ShellScript */ = {
			isa = PBXShellScriptBuildPhase;
			buildActionMask = 2147483647;
			files = (
			);
			inputPaths = (
			);
			outputPaths = (
			);
			runOnlyForDeploymentPostprocessing = 0;
			shellPath = /bin/sh;
			shellScript = "./Fabric.framework/run 2ef68d7e953d589e3e5931c5a728dea17596f3b9 b8aed8a998b03bb1708b01e63aca9d33ac35abe70cce460ed501007f3504206b\n";
		};
		C44DFDE96B2EE71D30181D4F /* 📦 Check Pods Manifest.lock */ = {
			isa = PBXShellScriptBuildPhase;
			buildActionMask = 2147483647;
			files = (
			);
			inputPaths = (
			);
			name = "📦 Check Pods Manifest.lock";
			outputPaths = (
			);
			runOnlyForDeploymentPostprocessing = 0;
			shellPath = /bin/sh;
			shellScript = "diff \"${PODS_ROOT}/../Podfile.lock\" \"${PODS_ROOT}/Manifest.lock\" > /dev/null\nif [[ $? != 0 ]] ; then\n    cat << EOM\nerror: The sandbox is not in sync with the Podfile.lock. Run 'pod install' or update your CocoaPods installation.\nEOM\n    exit 1\nfi\n";
			showEnvVarsInLog = 0;
		};
		C8D4744660F949CE7CC33F56 /* 📦 Copy Pods Resources */ = {
			isa = PBXShellScriptBuildPhase;
			buildActionMask = 2147483647;
			files = (
			);
			inputPaths = (
			);
			name = "📦 Copy Pods Resources";
			outputPaths = (
			);
			runOnlyForDeploymentPostprocessing = 0;
			shellPath = /bin/sh;
			shellScript = "\"${SRCROOT}/Pods/Target Support Files/Pods-BPHC/Pods-BPHC-resources.sh\"\n";
			showEnvVarsInLog = 0;
		};
		F325234DF312EEAF0C008D23 /* 📦 Check Pods Manifest.lock */ = {
			isa = PBXShellScriptBuildPhase;
			buildActionMask = 2147483647;
			files = (
			);
			inputPaths = (
			);
			name = "📦 Check Pods Manifest.lock";
			outputPaths = (
			);
			runOnlyForDeploymentPostprocessing = 0;
			shellPath = /bin/sh;
			shellScript = "diff \"${PODS_ROOT}/../Podfile.lock\" \"${PODS_ROOT}/Manifest.lock\" > /dev/null\nif [[ $? != 0 ]] ; then\n    cat << EOM\nerror: The sandbox is not in sync with the Podfile.lock. Run 'pod install' or update your CocoaPods installation.\nEOM\n    exit 1\nfi\n";
			showEnvVarsInLog = 0;
		};
/* End PBXShellScriptBuildPhase section */

/* Begin PBXSourcesBuildPhase section */
		18A996571BFB8DCB007A154A /* Sources */ = {
			isa = PBXSourcesBuildPhase;
			buildActionMask = 2147483647;
			files = (
				B7B8522C1C7E5B61007A3FAB /* TwitterViewController.swift in Sources */,
				6916E7551C63E9610086C146 /* ProfileViewController.swift in Sources */,
				696D05611CBDBF21007E28C0 /* UserManager.swift in Sources */,
				694E91301C73F8A2005FBAE7 /* QuestionAskViewController.swift in Sources */,
				696368BD1C6B0872009577A7 /* QuestionTableViewCell.swift in Sources */,
				695A6F251C9901C20077FBF9 /* SelectQuestionViewController.swift in Sources */,
				6919D1DF1CC082320027A64D /* Util.swift in Sources */,
				18A996611BFB8DCB007A154A /* RootViewController.swift in Sources */,
				6919D1DD1CC078510027A64D /* AnswerTableViewCell.swift in Sources */,
				696368BF1C6B0883009577A7 /* Question.swift in Sources */,
				B7B6401A1CCDA597003E1260 /* QuestionHeaderTextDelegate.swift in Sources */,
				18A996651BFB8DCB007A154A /* ModelController.swift in Sources */,
				69140B7B1C63DB1A008C40B7 /* ProfileLoginViewController.swift in Sources */,
				18A996631BFB8DCB007A154A /* DataViewController.swift in Sources */,
				696368C11C6B2192009577A7 /* QuestionTableViewController.swift in Sources */,
				6919D1DB1CBF07DC0027A64D /* Answer.swift in Sources */,
				18A9965F1BFB8DCB007A154A /* AppDelegate.swift in Sources */,
				6916E7571C63EA2A0086C146 /* User.swift in Sources */,
			);
			runOnlyForDeploymentPostprocessing = 0;
		};
		18A9966F1BFB8DCB007A154A /* Sources */ = {
			isa = PBXSourcesBuildPhase;
			buildActionMask = 2147483647;
			files = (
				18A996781BFB8DCB007A154A /* BPHCTests.swift in Sources */,
			);
			runOnlyForDeploymentPostprocessing = 0;
		};
		18A9967A1BFB8DCB007A154A /* Sources */ = {
			isa = PBXSourcesBuildPhase;
			buildActionMask = 2147483647;
			files = (
				18A996831BFB8DCB007A154A /* BPHCUITests.swift in Sources */,
			);
			runOnlyForDeploymentPostprocessing = 0;
		};
/* End PBXSourcesBuildPhase section */

/* Begin PBXTargetDependency section */
		18A996751BFB8DCB007A154A /* PBXTargetDependency */ = {
			isa = PBXTargetDependency;
			target = 18A9965A1BFB8DCB007A154A /* Hudd3L */;
			targetProxy = 18A996741BFB8DCB007A154A /* PBXContainerItemProxy */;
		};
		18A996801BFB8DCB007A154A /* PBXTargetDependency */ = {
			isa = PBXTargetDependency;
			target = 18A9965A1BFB8DCB007A154A /* Hudd3L */;
			targetProxy = 18A9967F1BFB8DCB007A154A /* PBXContainerItemProxy */;
		};
/* End PBXTargetDependency section */

/* Begin PBXVariantGroup section */
		18A996661BFB8DCB007A154A /* Main.storyboard */ = {
			isa = PBXVariantGroup;
			children = (
				18A996671BFB8DCB007A154A /* Base */,
			);
			name = Main.storyboard;
			sourceTree = "<group>";
		};
		18A9966B1BFB8DCB007A154A /* LaunchScreen.storyboard */ = {
			isa = PBXVariantGroup;
			children = (
				18A9966C1BFB8DCB007A154A /* Base */,
			);
			name = LaunchScreen.storyboard;
			sourceTree = "<group>";
		};
/* End PBXVariantGroup section */

/* Begin XCBuildConfiguration section */
		18A996851BFB8DCB007A154A /* Debug */ = {
			isa = XCBuildConfiguration;
			buildSettings = {
				ALWAYS_SEARCH_USER_PATHS = NO;
				CLANG_CXX_LANGUAGE_STANDARD = "gnu++0x";
				CLANG_CXX_LIBRARY = "libc++";
				CLANG_ENABLE_MODULES = YES;
				CLANG_ENABLE_OBJC_ARC = YES;
				CLANG_WARN_BOOL_CONVERSION = YES;
				CLANG_WARN_CONSTANT_CONVERSION = YES;
				CLANG_WARN_DIRECT_OBJC_ISA_USAGE = YES_ERROR;
				CLANG_WARN_EMPTY_BODY = YES;
				CLANG_WARN_ENUM_CONVERSION = YES;
				CLANG_WARN_INT_CONVERSION = YES;
				CLANG_WARN_OBJC_ROOT_CLASS = YES_ERROR;
				CLANG_WARN_UNREACHABLE_CODE = YES;
				CLANG_WARN__DUPLICATE_METHOD_MATCH = YES;
				"CODE_SIGN_IDENTITY[sdk=iphoneos*]" = "iPhone Developer";
				COPY_PHASE_STRIP = NO;
				DEBUG_INFORMATION_FORMAT = dwarf;
				ENABLE_STRICT_OBJC_MSGSEND = YES;
				ENABLE_TESTABILITY = YES;
				GCC_C_LANGUAGE_STANDARD = gnu99;
				GCC_DYNAMIC_NO_PIC = NO;
				GCC_NO_COMMON_BLOCKS = YES;
				GCC_OPTIMIZATION_LEVEL = 0;
				GCC_PREPROCESSOR_DEFINITIONS = (
					"DEBUG=1",
					"$(inherited)",
				);
				GCC_WARN_64_TO_32_BIT_CONVERSION = YES;
				GCC_WARN_ABOUT_RETURN_TYPE = YES_ERROR;
				GCC_WARN_UNDECLARED_SELECTOR = YES;
				GCC_WARN_UNINITIALIZED_AUTOS = YES_AGGRESSIVE;
				GCC_WARN_UNUSED_FUNCTION = YES;
				GCC_WARN_UNUSED_VARIABLE = YES;
				IPHONEOS_DEPLOYMENT_TARGET = 9.1;
				MTL_ENABLE_DEBUG_INFO = YES;
				ONLY_ACTIVE_ARCH = YES;
				SDKROOT = iphoneos;
				SWIFT_OPTIMIZATION_LEVEL = "-Onone";
			};
			name = Debug;
		};
		18A996861BFB8DCB007A154A /* Release */ = {
			isa = XCBuildConfiguration;
			buildSettings = {
				ALWAYS_SEARCH_USER_PATHS = NO;
				CLANG_CXX_LANGUAGE_STANDARD = "gnu++0x";
				CLANG_CXX_LIBRARY = "libc++";
				CLANG_ENABLE_MODULES = YES;
				CLANG_ENABLE_OBJC_ARC = YES;
				CLANG_WARN_BOOL_CONVERSION = YES;
				CLANG_WARN_CONSTANT_CONVERSION = YES;
				CLANG_WARN_DIRECT_OBJC_ISA_USAGE = YES_ERROR;
				CLANG_WARN_EMPTY_BODY = YES;
				CLANG_WARN_ENUM_CONVERSION = YES;
				CLANG_WARN_INT_CONVERSION = YES;
				CLANG_WARN_OBJC_ROOT_CLASS = YES_ERROR;
				CLANG_WARN_UNREACHABLE_CODE = YES;
				CLANG_WARN__DUPLICATE_METHOD_MATCH = YES;
				"CODE_SIGN_IDENTITY[sdk=iphoneos*]" = "iPhone Developer";
				COPY_PHASE_STRIP = NO;
				DEBUG_INFORMATION_FORMAT = "dwarf-with-dsym";
				ENABLE_NS_ASSERTIONS = NO;
				ENABLE_STRICT_OBJC_MSGSEND = YES;
				GCC_C_LANGUAGE_STANDARD = gnu99;
				GCC_NO_COMMON_BLOCKS = YES;
				GCC_WARN_64_TO_32_BIT_CONVERSION = YES;
				GCC_WARN_ABOUT_RETURN_TYPE = YES_ERROR;
				GCC_WARN_UNDECLARED_SELECTOR = YES;
				GCC_WARN_UNINITIALIZED_AUTOS = YES_AGGRESSIVE;
				GCC_WARN_UNUSED_FUNCTION = YES;
				GCC_WARN_UNUSED_VARIABLE = YES;
				IPHONEOS_DEPLOYMENT_TARGET = 9.1;
				MTL_ENABLE_DEBUG_INFO = NO;
				SDKROOT = iphoneos;
				VALIDATE_PRODUCT = YES;
			};
			name = Release;
		};
		18A996881BFB8DCB007A154A /* Debug */ = {
			isa = XCBuildConfiguration;
			baseConfigurationReference = F5BC1A5F285DAF3B08D3CBCB /* Pods-BPHC.debug.xcconfig */;
			buildSettings = {
				ASSETCATALOG_COMPILER_APPICON_NAME = AppIcon;
				FRAMEWORK_SEARCH_PATHS = (
					"$(inherited)",
					"$(PROJECT_DIR)",
				);
				INFOPLIST_FILE = BPHC/Info.plist;
				LD_RUNPATH_SEARCH_PATHS = "$(inherited) @executable_path/Frameworks";
				PRODUCT_BUNDLE_IDENTIFIER = GAI.BPHC;
				PRODUCT_NAME = Hudd3L;
			};
			name = Debug;
		};
		18A996891BFB8DCB007A154A /* Release */ = {
			isa = XCBuildConfiguration;
			baseConfigurationReference = E01699A78BFD18E95198FB40 /* Pods-BPHC.release.xcconfig */;
			buildSettings = {
				ASSETCATALOG_COMPILER_APPICON_NAME = AppIcon;
				FRAMEWORK_SEARCH_PATHS = (
					"$(inherited)",
					"$(PROJECT_DIR)",
				);
				INFOPLIST_FILE = BPHC/Info.plist;
				LD_RUNPATH_SEARCH_PATHS = "$(inherited) @executable_path/Frameworks";
				PRODUCT_BUNDLE_IDENTIFIER = GAI.BPHC;
				PRODUCT_NAME = Hudd3L;
			};
			name = Release;
		};
		18A9968B1BFB8DCB007A154A /* Debug */ = {
			isa = XCBuildConfiguration;
			baseConfigurationReference = 9D55B7C8DF19299CFE1F279C /* Pods-BPHCTests.debug.xcconfig */;
			buildSettings = {
				BUNDLE_LOADER = "$(TEST_HOST)";
				INFOPLIST_FILE = BPHCTests/Info.plist;
				LD_RUNPATH_SEARCH_PATHS = "$(inherited) @executable_path/Frameworks @loader_path/Frameworks";
				PRODUCT_BUNDLE_IDENTIFIER = GAI.BPHCTests;
				PRODUCT_NAME = Hudd3L;
				TEST_HOST = "$(BUILT_PRODUCTS_DIR)/Hudd3L.app/Hudd3L";
			};
			name = Debug;
		};
		18A9968C1BFB8DCB007A154A /* Release */ = {
			isa = XCBuildConfiguration;
			baseConfigurationReference = ABAE2A4C0CF3181DF1AA4407 /* Pods-BPHCTests.release.xcconfig */;
			buildSettings = {
				BUNDLE_LOADER = "$(TEST_HOST)";
				INFOPLIST_FILE = BPHCTests/Info.plist;
				LD_RUNPATH_SEARCH_PATHS = "$(inherited) @executable_path/Frameworks @loader_path/Frameworks";
				PRODUCT_BUNDLE_IDENTIFIER = GAI.BPHCTests;
				PRODUCT_NAME = Hudd3L;
				TEST_HOST = "$(BUILT_PRODUCTS_DIR)/Hudd3L.app/Hudd3L";
			};
			name = Release;
		};
		18A9968E1BFB8DCB007A154A /* Debug */ = {
			isa = XCBuildConfiguration;
			baseConfigurationReference = 12ED071E428F68E5BA18BAD9 /* Pods-BPHCUITests.debug.xcconfig */;
			buildSettings = {
				INFOPLIST_FILE = BPHCUITests/Info.plist;
				LD_RUNPATH_SEARCH_PATHS = "$(inherited) @executable_path/Frameworks @loader_path/Frameworks";
				PRODUCT_BUNDLE_IDENTIFIER = GAI.BPHCUITests;
				PRODUCT_NAME = Hudd3L;
				TEST_TARGET_NAME = BPHC;
				USES_XCTRUNNER = YES;
			};
			name = Debug;
		};
		18A9968F1BFB8DCB007A154A /* Release */ = {
			isa = XCBuildConfiguration;
			baseConfigurationReference = B0F07FDEA12E457C43D5E398 /* Pods-BPHCUITests.release.xcconfig */;
			buildSettings = {
				INFOPLIST_FILE = BPHCUITests/Info.plist;
				LD_RUNPATH_SEARCH_PATHS = "$(inherited) @executable_path/Frameworks @loader_path/Frameworks";
				PRODUCT_BUNDLE_IDENTIFIER = GAI.BPHCUITests;
				PRODUCT_NAME = Hudd3L;
				TEST_TARGET_NAME = BPHC;
				USES_XCTRUNNER = YES;
			};
			name = Release;
		};
/* End XCBuildConfiguration section */

/* Begin XCConfigurationList section */
		18A996561BFB8DCA007A154A /* Build configuration list for PBXProject "Hudd3L" */ = {
			isa = XCConfigurationList;
			buildConfigurations = (
				18A996851BFB8DCB007A154A /* Debug */,
				18A996861BFB8DCB007A154A /* Release */,
			);
			defaultConfigurationIsVisible = 0;
			defaultConfigurationName = Release;
		};
		18A996871BFB8DCB007A154A /* Build configuration list for PBXNativeTarget "Hudd3L" */ = {
			isa = XCConfigurationList;
			buildConfigurations = (
				18A996881BFB8DCB007A154A /* Debug */,
				18A996891BFB8DCB007A154A /* Release */,
			);
			defaultConfigurationIsVisible = 0;
			defaultConfigurationName = Release;
		};
		18A9968A1BFB8DCB007A154A /* Build configuration list for PBXNativeTarget "Hudd3LTests" */ = {
			isa = XCConfigurationList;
			buildConfigurations = (
				18A9968B1BFB8DCB007A154A /* Debug */,
				18A9968C1BFB8DCB007A154A /* Release */,
			);
			defaultConfigurationIsVisible = 0;
			defaultConfigurationName = Release;
		};
		18A9968D1BFB8DCB007A154A /* Build configuration list for PBXNativeTarget "Hudd3LUITests" */ = {
			isa = XCConfigurationList;
			buildConfigurations = (
				18A9968E1BFB8DCB007A154A /* Debug */,
				18A9968F1BFB8DCB007A154A /* Release */,
			);
			defaultConfigurationIsVisible = 0;
			defaultConfigurationName = Release;
		};
/* End XCConfigurationList section */
	};
	rootObject = 18A996531BFB8DCA007A154A /* Project object */;
}
